{
  "pins" : [
    {
      "identity" : "aliaswonderland",
      "kind" : "remoteSourceControl",
      "location" : "https://github.com/sloik/AliasWonderland.git",
      "state" : {
        "revision" : "a98ad1e32da510a3bb0fd0e80a1c29430aedcd6b",
        "version" : "3.5.11"
      }
    },
    {
      "identity" : "optionalapi",
      "kind" : "remoteSourceControl",
      "location" : "https://github.com/sloik/OptionalAPI",
      "state" : {
        "revision" : "ad56eb50244cb8ecd9c851e1d6b3d770bef26923",
        "version" : "5.0.3"
      }
    },
    {
      "identity" : "sweeturl",
      "kind" : "remoteSourceControl",
      "location" : "https://github.com/sloik/SweetURL",
      "state" : {
        "revision" : "8bb834c0111ae84a0235fea0fd4ea5f502bea98f",
        "version" : "0.0.5"
      }
    }
  ],
  "version" : 2
}
