{
  "pins" : [
    {
      "identity" : "aliaswonderland",
      "kind" : "remoteSourceControl",
      "location" : "https://github.com/sloik/AliasWonderland.git",
      "state" : {
        "revision" : "c9e79724ab1f99ba25e37cb44eb7a27ea10b7ac8",
        "version" : "3.5.9"
      }
    },
    {
      "identity" : "optionalapi",
      "kind" : "remoteSourceControl",
      "location" : "https://github.com/sloik/OptionalAPI",
      "state" : {
        "revision" : "7b485f448817ba7bfd3e6d5a1aeb050c57514c7a",
        "version" : "5.0.0"
      }
    }
  ],
  "version" : 2
}
