// !$*UTF8*$!
{
	archiveVersion = 1;
	classes = {
	};
	objectVersion = 56;
	objects = {

/* Begin PBXBuildFile section */
		640ECDC529B3F94E00D7F131 /* Domain in Frameworks */ = {isa = PBXBuildFile; productRef = 640ECDC429B3F94E00D7F131 /* Domain */; };
		640ECDC629B3F94E00D7F131 /* Domain in Embed Frameworks */ = {isa = PBXBuildFile; productRef = 640ECDC429B3F94E00D7F131 /* Domain */; settings = {ATTRIBUTES = (CodeSignOnCopy, ); }; };
		642EB76C29BA8ED10024F16E /* SecretsStore in Frameworks */ = {isa = PBXBuildFile; productRef = 642EB76B29BA8ED10024F16E /* SecretsStore */; };
		642EB76D29BA8ED10024F16E /* SecretsStore in Embed Frameworks */ = {isa = PBXBuildFile; productRef = 642EB76B29BA8ED10024F16E /* SecretsStore */; settings = {ATTRIBUTES = (CodeSignOnCopy, ); }; };
		64641FC229AFDAC700120470 /* AuthenticationViews.swift in Sources */ = {isa = PBXBuildFile; fileRef = 64641FC129AFDAC700120470 /* AuthenticationViews.swift */; };
		6466DE3529B7EFC500A95BF0 /* Secrets.swift in Sources */ = {isa = PBXBuildFile; fileRef = 6466DE3429B7EFC500A95BF0 /* Secrets.swift */; };
		647AFFD029BB6F7300B754E1 /* NextView.swift in Sources */ = {isa = PBXBuildFile; fileRef = 647AFFCF29BB6F7300B754E1 /* NextView.swift */; };
		647AFFD329BB832200B754E1 /* OptionalAPI in Frameworks */ = {isa = PBXBuildFile; productRef = 647AFFD229BB832200B754E1 /* OptionalAPI */; };
		649A6FC129AEADFD002C1BFC /* HejtoBuzzApp.swift in Sources */ = {isa = PBXBuildFile; fileRef = 649A6FC029AEADFD002C1BFC /* HejtoBuzzApp.swift */; };
		649A6FC329AEADFD002C1BFC /* ContentView.swift in Sources */ = {isa = PBXBuildFile; fileRef = 649A6FC229AEADFD002C1BFC /* ContentView.swift */; };
		649A6FC529AEADFE002C1BFC /* Assets.xcassets in Resources */ = {isa = PBXBuildFile; fileRef = 649A6FC429AEADFE002C1BFC /* Assets.xcassets */; };
		649A6FC829AEADFE002C1BFC /* Preview Assets.xcassets in Resources */ = {isa = PBXBuildFile; fileRef = 649A6FC729AEADFE002C1BFC /* Preview Assets.xcassets */; };
		649A6FD229AEADFE002C1BFC /* HejtoBuzzTests.swift in Sources */ = {isa = PBXBuildFile; fileRef = 649A6FD129AEADFE002C1BFC /* HejtoBuzzTests.swift */; };
		649A6FDC29AEADFE002C1BFC /* HejtoBuzzUITests.swift in Sources */ = {isa = PBXBuildFile; fileRef = 649A6FDB29AEADFE002C1BFC /* HejtoBuzzUITests.swift */; };
		649A6FDE29AEADFE002C1BFC /* HejtoBuzzUITestsLaunchTests.swift in Sources */ = {isa = PBXBuildFile; fileRef = 649A6FDD29AEADFE002C1BFC /* HejtoBuzzUITestsLaunchTests.swift */; };
		696AA50229BCD8120054478B /* OptionalAPI in Embed Frameworks */ = {isa = PBXBuildFile; productRef = 647AFFD229BB832200B754E1 /* OptionalAPI */; settings = {ATTRIBUTES = (CodeSignOnCopy, ); }; };
/* End PBXBuildFile section */

/* Begin PBXContainerItemProxy section */
		649A6FCE29AEADFE002C1BFC /* PBXContainerItemProxy */ = {
			isa = PBXContainerItemProxy;
			containerPortal = 649A6FB529AEADFD002C1BFC /* Project object */;
			proxyType = 1;
			remoteGlobalIDString = 649A6FBC29AEADFD002C1BFC;
			remoteInfo = HejtoBuzz;
		};
		649A6FD829AEADFE002C1BFC /* PBXContainerItemProxy */ = {
			isa = PBXContainerItemProxy;
			containerPortal = 649A6FB529AEADFD002C1BFC /* Project object */;
			proxyType = 1;
			remoteGlobalIDString = 649A6FBC29AEADFD002C1BFC;
			remoteInfo = HejtoBuzz;
		};
/* End PBXContainerItemProxy section */

/* Begin PBXCopyFilesBuildPhase section */
		640ECDC329B3F94900D7F131 /* Embed Frameworks */ = {
			isa = PBXCopyFilesBuildPhase;
			buildActionMask = 2147483647;
			dstPath = "";
			dstSubfolderSpec = 10;
			files = (
				642EB76D29BA8ED10024F16E /* SecretsStore in Embed Frameworks */,
				640ECDC629B3F94E00D7F131 /* Domain in Embed Frameworks */,
				696AA50229BCD8120054478B /* OptionalAPI in Embed Frameworks */,
			);
			name = "Embed Frameworks";
			runOnlyForDeploymentPostprocessing = 0;
		};
/* End PBXCopyFilesBuildPhase section */

/* Begin PBXFileReference section */
		640ECDBC29B3F4AE00D7F131 /* SecretsStore */ = {isa = PBXFileReference; lastKnownFileType = wrapper; name = SecretsStore; path = ../SecretsStore; sourceTree = "<group>"; };
		640ECDBD29B3F4E700D7F131 /* Domain */ = {isa = PBXFileReference; lastKnownFileType = wrapper; name = Domain; path = ../Domain; sourceTree = "<group>"; };
		64641FC129AFDAC700120470 /* AuthenticationViews.swift */ = {isa = PBXFileReference; lastKnownFileType = sourcecode.swift; path = AuthenticationViews.swift; sourceTree = "<group>"; };
		64641FC729AFE49500120470 /* Info.plist */ = {isa = PBXFileReference; lastKnownFileType = text.plist; path = Info.plist; sourceTree = "<group>"; };
		6466DE3429B7EFC500A95BF0 /* Secrets.swift */ = {isa = PBXFileReference; fileEncoding = 4; lastKnownFileType = sourcecode.swift; path = Secrets.swift; sourceTree = "<group>"; };
		647AFFCF29BB6F7300B754E1 /* NextView.swift */ = {isa = PBXFileReference; lastKnownFileType = sourcecode.swift; path = NextView.swift; sourceTree = "<group>"; };
		649A6FBD29AEADFD002C1BFC /* HejtoBuzz.app */ = {isa = PBXFileReference; explicitFileType = wrapper.application; includeInIndex = 0; path = HejtoBuzz.app; sourceTree = BUILT_PRODUCTS_DIR; };
		649A6FC029AEADFD002C1BFC /* HejtoBuzzApp.swift */ = {isa = PBXFileReference; lastKnownFileType = sourcecode.swift; path = HejtoBuzzApp.swift; sourceTree = "<group>"; };
		649A6FC229AEADFD002C1BFC /* ContentView.swift */ = {isa = PBXFileReference; lastKnownFileType = sourcecode.swift; path = ContentView.swift; sourceTree = "<group>"; };
		649A6FC429AEADFE002C1BFC /* Assets.xcassets */ = {isa = PBXFileReference; lastKnownFileType = folder.assetcatalog; path = Assets.xcassets; sourceTree = "<group>"; };
		649A6FC729AEADFE002C1BFC /* Preview Assets.xcassets */ = {isa = PBXFileReference; lastKnownFileType = folder.assetcatalog; path = "Preview Assets.xcassets"; sourceTree = "<group>"; };
		649A6FCD29AEADFE002C1BFC /* HejtoBuzzTests.xctest */ = {isa = PBXFileReference; explicitFileType = wrapper.cfbundle; includeInIndex = 0; path = HejtoBuzzTests.xctest; sourceTree = BUILT_PRODUCTS_DIR; };
		649A6FD129AEADFE002C1BFC /* HejtoBuzzTests.swift */ = {isa = PBXFileReference; lastKnownFileType = sourcecode.swift; path = HejtoBuzzTests.swift; sourceTree = "<group>"; };
		649A6FD729AEADFE002C1BFC /* HejtoBuzzUITests.xctest */ = {isa = PBXFileReference; explicitFileType = wrapper.cfbundle; includeInIndex = 0; path = HejtoBuzzUITests.xctest; sourceTree = BUILT_PRODUCTS_DIR; };
		649A6FDB29AEADFE002C1BFC /* HejtoBuzzUITests.swift */ = {isa = PBXFileReference; lastKnownFileType = sourcecode.swift; path = HejtoBuzzUITests.swift; sourceTree = "<group>"; };
		649A6FDD29AEADFE002C1BFC /* HejtoBuzzUITestsLaunchTests.swift */ = {isa = PBXFileReference; lastKnownFileType = sourcecode.swift; path = HejtoBuzzUITestsLaunchTests.swift; sourceTree = "<group>"; };
		696AA50129BCD8050054478B /* HejDTO */ = {isa = PBXFileReference; lastKnownFileType = wrapper; name = HejDTO; path = ../HejDTO; sourceTree = "<group>"; };
/* End PBXFileReference section */

/* Begin PBXFrameworksBuildPhase section */
		649A6FBA29AEADFD002C1BFC /* Frameworks */ = {
			isa = PBXFrameworksBuildPhase;
			buildActionMask = 2147483647;
			files = (
				642EB76C29BA8ED10024F16E /* SecretsStore in Frameworks */,
				640ECDC529B3F94E00D7F131 /* Domain in Frameworks */,
				647AFFD329BB832200B754E1 /* OptionalAPI in Frameworks */,
			);
			runOnlyForDeploymentPostprocessing = 0;
		};
		649A6FCA29AEADFE002C1BFC /* Frameworks */ = {
			isa = PBXFrameworksBuildPhase;
			buildActionMask = 2147483647;
			files = (
			);
			runOnlyForDeploymentPostprocessing = 0;
		};
		649A6FD429AEADFE002C1BFC /* Frameworks */ = {
			isa = PBXFrameworksBuildPhase;
			buildActionMask = 2147483647;
			files = (
			);
			runOnlyForDeploymentPostprocessing = 0;
		};
/* End PBXFrameworksBuildPhase section */

/* Begin PBXGroup section */
		640ECDBB29B3F4AE00D7F131 /* Packages */ = {
			isa = PBXGroup;
			children = (
				696AA50129BCD8050054478B /* HejDTO */,
				640ECDBC29B3F4AE00D7F131 /* SecretsStore */,
				640ECDBD29B3F4E700D7F131 /* Domain */,
			);
			name = Packages;
			sourceTree = "<group>";
		};
		640ECDBF29B3F94900D7F131 /* Frameworks */ = {
			isa = PBXGroup;
			children = (
			);
			name = Frameworks;
			sourceTree = "<group>";
		};
		64641FC329AFDBC600120470 /* Views */ = {
			isa = PBXGroup;
			children = (
				64641FC129AFDAC700120470 /* AuthenticationViews.swift */,
				649A6FC229AEADFD002C1BFC /* ContentView.swift */,
				647AFFCF29BB6F7300B754E1 /* NextView.swift */,
			);
			path = Views;
			sourceTree = "<group>";
		};
		6466DE3329B7EFC500A95BF0 /* _Secrets */ = {
			isa = PBXGroup;
			children = (
				6466DE3429B7EFC500A95BF0 /* Secrets.swift */,
			);
			path = _Secrets;
			sourceTree = "<group>";
		};
		649A6FB429AEADFD002C1BFC = {
			isa = PBXGroup;
			children = (
				640ECDBB29B3F4AE00D7F131 /* Packages */,
				649A6FBF29AEADFD002C1BFC /* HejtoBuzz */,
				649A6FD029AEADFE002C1BFC /* HejtoBuzzTests */,
				649A6FDA29AEADFE002C1BFC /* HejtoBuzzUITests */,
				649A6FBE29AEADFD002C1BFC /* Products */,
				640ECDBF29B3F94900D7F131 /* Frameworks */,
			);
			sourceTree = "<group>";
		};
		649A6FBE29AEADFD002C1BFC /* Products */ = {
			isa = PBXGroup;
			children = (
				649A6FBD29AEADFD002C1BFC /* HejtoBuzz.app */,
				649A6FCD29AEADFE002C1BFC /* HejtoBuzzTests.xctest */,
				649A6FD729AEADFE002C1BFC /* HejtoBuzzUITests.xctest */,
			);
			name = Products;
			sourceTree = "<group>";
		};
		649A6FBF29AEADFD002C1BFC /* HejtoBuzz */ = {
			isa = PBXGroup;
			children = (
				64641FC729AFE49500120470 /* Info.plist */,
				649A6FC029AEADFD002C1BFC /* HejtoBuzzApp.swift */,
				649A6FC429AEADFE002C1BFC /* Assets.xcassets */,
				6466DE3329B7EFC500A95BF0 /* _Secrets */,
				649A6FC629AEADFE002C1BFC /* Preview Content */,
				64641FC329AFDBC600120470 /* Views */,
			);
			path = HejtoBuzz;
			sourceTree = "<group>";
		};
		649A6FC629AEADFE002C1BFC /* Preview Content */ = {
			isa = PBXGroup;
			children = (
				649A6FC729AEADFE002C1BFC /* Preview Assets.xcassets */,
			);
			path = "Preview Content";
			sourceTree = "<group>";
		};
		649A6FD029AEADFE002C1BFC /* HejtoBuzzTests */ = {
			isa = PBXGroup;
			children = (
				649A6FD129AEADFE002C1BFC /* HejtoBuzzTests.swift */,
			);
			path = HejtoBuzzTests;
			sourceTree = "<group>";
		};
		649A6FDA29AEADFE002C1BFC /* HejtoBuzzUITests */ = {
			isa = PBXGroup;
			children = (
				649A6FDB29AEADFE002C1BFC /* HejtoBuzzUITests.swift */,
				649A6FDD29AEADFE002C1BFC /* HejtoBuzzUITestsLaunchTests.swift */,
			);
			path = HejtoBuzzUITests;
			sourceTree = "<group>";
		};
/* End PBXGroup section */

/* Begin PBXNativeTarget section */
		649A6FBC29AEADFD002C1BFC /* HejtoBuzz */ = {
			isa = PBXNativeTarget;
			buildConfigurationList = 649A6FE129AEADFE002C1BFC /* Build configuration list for PBXNativeTarget "HejtoBuzz" */;
			buildPhases = (
				649A6FB929AEADFD002C1BFC /* Sources */,
				649A6FBA29AEADFD002C1BFC /* Frameworks */,
				649A6FBB29AEADFD002C1BFC /* Resources */,
				640ECDC329B3F94900D7F131 /* Embed Frameworks */,
			);
			buildRules = (
			);
			dependencies = (
			);
			name = HejtoBuzz;
			packageProductDependencies = (
				640ECDC429B3F94E00D7F131 /* Domain */,
				642EB76B29BA8ED10024F16E /* SecretsStore */,
				647AFFD229BB832200B754E1 /* OptionalAPI */,
			);
			productName = HejtoBuzz;
			productReference = 649A6FBD29AEADFD002C1BFC /* HejtoBuzz.app */;
			productType = "com.apple.product-type.application";
		};
		649A6FCC29AEADFE002C1BFC /* HejtoBuzzTests */ = {
			isa = PBXNativeTarget;
			buildConfigurationList = 649A6FE429AEADFE002C1BFC /* Build configuration list for PBXNativeTarget "HejtoBuzzTests" */;
			buildPhases = (
				649A6FC929AEADFE002C1BFC /* Sources */,
				649A6FCA29AEADFE002C1BFC /* Frameworks */,
				649A6FCB29AEADFE002C1BFC /* Resources */,
			);
			buildRules = (
			);
			dependencies = (
				649A6FCF29AEADFE002C1BFC /* PBXTargetDependency */,
			);
			name = HejtoBuzzTests;
			productName = HejtoBuzzTests;
			productReference = 649A6FCD29AEADFE002C1BFC /* HejtoBuzzTests.xctest */;
			productType = "com.apple.product-type.bundle.unit-test";
		};
		649A6FD629AEADFE002C1BFC /* HejtoBuzzUITests */ = {
			isa = PBXNativeTarget;
			buildConfigurationList = 649A6FE729AEADFE002C1BFC /* Build configuration list for PBXNativeTarget "HejtoBuzzUITests" */;
			buildPhases = (
				649A6FD329AEADFE002C1BFC /* Sources */,
				649A6FD429AEADFE002C1BFC /* Frameworks */,
				649A6FD529AEADFE002C1BFC /* Resources */,
			);
			buildRules = (
			);
			dependencies = (
				649A6FD929AEADFE002C1BFC /* PBXTargetDependency */,
			);
			name = HejtoBuzzUITests;
			productName = HejtoBuzzUITests;
			productReference = 649A6FD729AEADFE002C1BFC /* HejtoBuzzUITests.xctest */;
			productType = "com.apple.product-type.bundle.ui-testing";
		};
/* End PBXNativeTarget section */

/* Begin PBXProject section */
		649A6FB529AEADFD002C1BFC /* Project object */ = {
			isa = PBXProject;
			attributes = {
				BuildIndependentTargetsInParallel = 1;
				LastSwiftUpdateCheck = 1430;
				LastUpgradeCheck = 1430;
				TargetAttributes = {
					649A6FBC29AEADFD002C1BFC = {
						CreatedOnToolsVersion = 14.3;
					};
					649A6FCC29AEADFE002C1BFC = {
						CreatedOnToolsVersion = 14.3;
						TestTargetID = 649A6FBC29AEADFD002C1BFC;
					};
					649A6FD629AEADFE002C1BFC = {
						CreatedOnToolsVersion = 14.3;
						TestTargetID = 649A6FBC29AEADFD002C1BFC;
					};
				};
			};
			buildConfigurationList = 649A6FB829AEADFD002C1BFC /* Build configuration list for PBXProject "HejtoBuzz" */;
			compatibilityVersion = "Xcode 14.0";
			developmentRegion = en;
			hasScannedForEncodings = 0;
			knownRegions = (
				en,
				Base,
			);
			mainGroup = 649A6FB429AEADFD002C1BFC;
			packageReferences = (
				647AFFD129BB832200B754E1 /* XCRemoteSwiftPackageReference "OptionalAPI" */,
			);
			productRefGroup = 649A6FBE29AEADFD002C1BFC /* Products */;
			projectDirPath = "";
			projectRoot = "";
			targets = (
				649A6FBC29AEADFD002C1BFC /* HejtoBuzz */,
				649A6FCC29AEADFE002C1BFC /* HejtoBuzzTests */,
				649A6FD629AEADFE002C1BFC /* HejtoBuzzUITests */,
			);
		};
/* End PBXProject section */

/* Begin PBXResourcesBuildPhase section */
		649A6FBB29AEADFD002C1BFC /* Resources */ = {
			isa = PBXResourcesBuildPhase;
			buildActionMask = 2147483647;
			files = (
				649A6FC829AEADFE002C1BFC /* Preview Assets.xcassets in Resources */,
				649A6FC529AEADFE002C1BFC /* Assets.xcassets in Resources */,
			);
			runOnlyForDeploymentPostprocessing = 0;
		};
		649A6FCB29AEADFE002C1BFC /* Resources */ = {
			isa = PBXResourcesBuildPhase;
			buildActionMask = 2147483647;
			files = (
			);
			runOnlyForDeploymentPostprocessing = 0;
		};
		649A6FD529AEADFE002C1BFC /* Resources */ = {
			isa = PBXResourcesBuildPhase;
			buildActionMask = 2147483647;
			files = (
			);
			runOnlyForDeploymentPostprocessing = 0;
		};
/* End PBXResourcesBuildPhase section */

/* Begin PBXSourcesBuildPhase section */
		649A6FB929AEADFD002C1BFC /* Sources */ = {
			isa = PBXSourcesBuildPhase;
			buildActionMask = 2147483647;
			files = (
				649A6FC329AEADFD002C1BFC /* ContentView.swift in Sources */,
				647AFFD029BB6F7300B754E1 /* NextView.swift in Sources */,
				6466DE3529B7EFC500A95BF0 /* Secrets.swift in Sources */,
				649A6FC129AEADFD002C1BFC /* HejtoBuzzApp.swift in Sources */,
				64641FC229AFDAC700120470 /* AuthenticationViews.swift in Sources */,
			);
			runOnlyForDeploymentPostprocessing = 0;
		};
		649A6FC929AEADFE002C1BFC /* Sources */ = {
			isa = PBXSourcesBuildPhase;
			buildActionMask = 2147483647;
			files = (
				649A6FD229AEADFE002C1BFC /* HejtoBuzzTests.swift in Sources */,
			);
			runOnlyForDeploymentPostprocessing = 0;
		};
		649A6FD329AEADFE002C1BFC /* Sources */ = {
			isa = PBXSourcesBuildPhase;
			buildActionMask = 2147483647;
			files = (
				649A6FDE29AEADFE002C1BFC /* HejtoBuzzUITestsLaunchTests.swift in Sources */,
				649A6FDC29AEADFE002C1BFC /* HejtoBuzzUITests.swift in Sources */,
			);
			runOnlyForDeploymentPostprocessing = 0;
		};
/* End PBXSourcesBuildPhase section */

/* Begin PBXTargetDependency section */
		649A6FCF29AEADFE002C1BFC /* PBXTargetDependency */ = {
			isa = PBXTargetDependency;
			target = 649A6FBC29AEADFD002C1BFC /* HejtoBuzz */;
			targetProxy = 649A6FCE29AEADFE002C1BFC /* PBXContainerItemProxy */;
		};
		649A6FD929AEADFE002C1BFC /* PBXTargetDependency */ = {
			isa = PBXTargetDependency;
			target = 649A6FBC29AEADFD002C1BFC /* HejtoBuzz */;
			targetProxy = 649A6FD829AEADFE002C1BFC /* PBXContainerItemProxy */;
		};
/* End PBXTargetDependency section */

/* Begin XCBuildConfiguration section */
		649A6FDF29AEADFE002C1BFC /* Debug */ = {
			isa = XCBuildConfiguration;
			buildSettings = {
				ALWAYS_SEARCH_USER_PATHS = NO;
				CLANG_ANALYZER_NONNULL = YES;
				CLANG_ANALYZER_NUMBER_OBJECT_CONVERSION = YES_AGGRESSIVE;
				CLANG_CXX_LANGUAGE_STANDARD = "gnu++20";
				CLANG_ENABLE_MODULES = YES;
				CLANG_ENABLE_OBJC_ARC = YES;
				CLANG_ENABLE_OBJC_WEAK = YES;
				CLANG_WARN_BLOCK_CAPTURE_AUTORELEASING = YES;
				CLANG_WARN_BOOL_CONVERSION = YES;
				CLANG_WARN_COMMA = YES;
				CLANG_WARN_CONSTANT_CONVERSION = YES;
				CLANG_WARN_DEPRECATED_OBJC_IMPLEMENTATIONS = YES;
				CLANG_WARN_DIRECT_OBJC_ISA_USAGE = YES_ERROR;
				CLANG_WARN_DOCUMENTATION_COMMENTS = YES;
				CLANG_WARN_EMPTY_BODY = YES;
				CLANG_WARN_ENUM_CONVERSION = YES;
				CLANG_WARN_INFINITE_RECURSION = YES;
				CLANG_WARN_INT_CONVERSION = YES;
				CLANG_WARN_NON_LITERAL_NULL_CONVERSION = YES;
				CLANG_WARN_OBJC_IMPLICIT_RETAIN_SELF = YES;
				CLANG_WARN_OBJC_LITERAL_CONVERSION = YES;
				CLANG_WARN_OBJC_ROOT_CLASS = YES_ERROR;
				CLANG_WARN_QUOTED_INCLUDE_IN_FRAMEWORK_HEADER = YES;
				CLANG_WARN_RANGE_LOOP_ANALYSIS = YES;
				CLANG_WARN_STRICT_PROTOTYPES = YES;
				CLANG_WARN_SUSPICIOUS_MOVE = YES;
				CLANG_WARN_UNGUARDED_AVAILABILITY = YES_AGGRESSIVE;
				CLANG_WARN_UNREACHABLE_CODE = YES;
				CLANG_WARN__DUPLICATE_METHOD_MATCH = YES;
				COPY_PHASE_STRIP = NO;
				DEBUG_INFORMATION_FORMAT = dwarf;
				ENABLE_STRICT_OBJC_MSGSEND = YES;
				ENABLE_TESTABILITY = YES;
				GCC_C_LANGUAGE_STANDARD = gnu11;
				GCC_DYNAMIC_NO_PIC = NO;
				GCC_NO_COMMON_BLOCKS = YES;
				GCC_OPTIMIZATION_LEVEL = 0;
				GCC_PREPROCESSOR_DEFINITIONS = (
					"DEBUG=1",
					"$(inherited)",
				);
				GCC_WARN_64_TO_32_BIT_CONVERSION = YES;
				GCC_WARN_ABOUT_RETURN_TYPE = YES_ERROR;
				GCC_WARN_UNDECLARED_SELECTOR = YES;
				GCC_WARN_UNINITIALIZED_AUTOS = YES_AGGRESSIVE;
				GCC_WARN_UNUSED_FUNCTION = YES;
				GCC_WARN_UNUSED_VARIABLE = YES;
				IPHONEOS_DEPLOYMENT_TARGET = 16.4;
				MTL_ENABLE_DEBUG_INFO = INCLUDE_SOURCE;
				MTL_FAST_MATH = YES;
				ONLY_ACTIVE_ARCH = YES;
				SDKROOT = iphoneos;
				SWIFT_ACTIVE_COMPILATION_CONDITIONS = DEBUG;
				SWIFT_OPTIMIZATION_LEVEL = "-Onone";
			};
			name = Debug;
		};
		649A6FE029AEADFE002C1BFC /* Release */ = {
			isa = XCBuildConfiguration;
			buildSettings = {
				ALWAYS_SEARCH_USER_PATHS = NO;
				CLANG_ANALYZER_NONNULL = YES;
				CLANG_ANALYZER_NUMBER_OBJECT_CONVERSION = YES_AGGRESSIVE;
				CLANG_CXX_LANGUAGE_STANDARD = "gnu++20";
				CLANG_ENABLE_MODULES = YES;
				CLANG_ENABLE_OBJC_ARC = YES;
				CLANG_ENABLE_OBJC_WEAK = YES;
				CLANG_WARN_BLOCK_CAPTURE_AUTORELEASING = YES;
				CLANG_WARN_BOOL_CONVERSION = YES;
				CLANG_WARN_COMMA = YES;
				CLANG_WARN_CONSTANT_CONVERSION = YES;
				CLANG_WARN_DEPRECATED_OBJC_IMPLEMENTATIONS = YES;
				CLANG_WARN_DIRECT_OBJC_ISA_USAGE = YES_ERROR;
				CLANG_WARN_DOCUMENTATION_COMMENTS = YES;
				CLANG_WARN_EMPTY_BODY = YES;
				CLANG_WARN_ENUM_CONVERSION = YES;
				CLANG_WARN_INFINITE_RECURSION = YES;
				CLANG_WARN_INT_CONVERSION = YES;
				CLANG_WARN_NON_LITERAL_NULL_CONVERSION = YES;
				CLANG_WARN_OBJC_IMPLICIT_RETAIN_SELF = YES;
				CLANG_WARN_OBJC_LITERAL_CONVERSION = YES;
				CLANG_WARN_OBJC_ROOT_CLASS = YES_ERROR;
				CLANG_WARN_QUOTED_INCLUDE_IN_FRAMEWORK_HEADER = YES;
				CLANG_WARN_RANGE_LOOP_ANALYSIS = YES;
				CLANG_WARN_STRICT_PROTOTYPES = YES;
				CLANG_WARN_SUSPICIOUS_MOVE = YES;
				CLANG_WARN_UNGUARDED_AVAILABILITY = YES_AGGRESSIVE;
				CLANG_WARN_UNREACHABLE_CODE = YES;
				CLANG_WARN__DUPLICATE_METHOD_MATCH = YES;
				COPY_PHASE_STRIP = NO;
				DEBUG_INFORMATION_FORMAT = "dwarf-with-dsym";
				ENABLE_NS_ASSERTIONS = NO;
				ENABLE_STRICT_OBJC_MSGSEND = YES;
				GCC_C_LANGUAGE_STANDARD = gnu11;
				GCC_NO_COMMON_BLOCKS = YES;
				GCC_WARN_64_TO_32_BIT_CONVERSION = YES;
				GCC_WARN_ABOUT_RETURN_TYPE = YES_ERROR;
				GCC_WARN_UNDECLARED_SELECTOR = YES;
				GCC_WARN_UNINITIALIZED_AUTOS = YES_AGGRESSIVE;
				GCC_WARN_UNUSED_FUNCTION = YES;
				GCC_WARN_UNUSED_VARIABLE = YES;
				IPHONEOS_DEPLOYMENT_TARGET = 16.4;
				MTL_ENABLE_DEBUG_INFO = NO;
				MTL_FAST_MATH = YES;
				SDKROOT = iphoneos;
				SWIFT_COMPILATION_MODE = wholemodule;
				SWIFT_OPTIMIZATION_LEVEL = "-O";
				VALIDATE_PRODUCT = YES;
			};
			name = Release;
		};
		649A6FE229AEADFE002C1BFC /* Debug */ = {
			isa = XCBuildConfiguration;
			buildSettings = {
				ASSETCATALOG_COMPILER_APPICON_NAME = AppIcon;
				ASSETCATALOG_COMPILER_GLOBAL_ACCENT_COLOR_NAME = AccentColor;
				CODE_SIGN_STYLE = Automatic;
				CURRENT_PROJECT_VERSION = 1;
				DEVELOPMENT_ASSET_PATHS = "\"HejtoBuzz/Preview Content\"";
				DEVELOPMENT_TEAM = Q79FTA4VEX;
				ENABLE_PREVIEWS = YES;
				GENERATE_INFOPLIST_FILE = YES;
				INFOPLIST_FILE = HejtoBuzz/Info.plist;
				INFOPLIST_KEY_UIApplicationSceneManifest_Generation = YES;
				INFOPLIST_KEY_UIApplicationSupportsIndirectInputEvents = YES;
				INFOPLIST_KEY_UILaunchScreen_Generation = YES;
				INFOPLIST_KEY_UISupportedInterfaceOrientations_iPad = "UIInterfaceOrientationPortrait UIInterfaceOrientationPortraitUpsideDown UIInterfaceOrientationLandscapeLeft UIInterfaceOrientationLandscapeRight";
				INFOPLIST_KEY_UISupportedInterfaceOrientations_iPhone = "UIInterfaceOrientationPortrait UIInterfaceOrientationLandscapeLeft UIInterfaceOrientationLandscapeRight";
				LD_RUNPATH_SEARCH_PATHS = (
					"$(inherited)",
					"@executable_path/Frameworks",
				);
				MARKETING_VERSION = 1.0;
				PRODUCT_BUNDLE_IDENTIFIER = tech.idoit.HejtoBuzz;
				PRODUCT_NAME = "$(TARGET_NAME)";
				SWIFT_EMIT_LOC_STRINGS = YES;
				SWIFT_VERSION = 5.0;
				TARGETED_DEVICE_FAMILY = "1,2";
			};
			name = Debug;
		};
		649A6FE329AEADFE002C1BFC /* Release */ = {
			isa = XCBuildConfiguration;
			buildSettings = {
				ASSETCATALOG_COMPILER_APPICON_NAME = AppIcon;
				ASSETCATALOG_COMPILER_GLOBAL_ACCENT_COLOR_NAME = AccentColor;
				CODE_SIGN_STYLE = Automatic;
				CURRENT_PROJECT_VERSION = 1;
				DEVELOPMENT_ASSET_PATHS = "\"HejtoBuzz/Preview Content\"";
				DEVELOPMENT_TEAM = Q79FTA4VEX;
				ENABLE_PREVIEWS = YES;
				GENERATE_INFOPLIST_FILE = YES;
				INFOPLIST_FILE = HejtoBuzz/Info.plist;
				INFOPLIST_KEY_UIApplicationSceneManifest_Generation = YES;
				INFOPLIST_KEY_UIApplicationSupportsIndirectInputEvents = YES;
				INFOPLIST_KEY_UILaunchScreen_Generation = YES;
				INFOPLIST_KEY_UISupportedInterfaceOrientations_iPad = "UIInterfaceOrientationPortrait UIInterfaceOrientationPortraitUpsideDown UIInterfaceOrientationLandscapeLeft UIInterfaceOrientationLandscapeRight";
				INFOPLIST_KEY_UISupportedInterfaceOrientations_iPhone = "UIInterfaceOrientationPortrait UIInterfaceOrientationLandscapeLeft UIInterfaceOrientationLandscapeRight";
				LD_RUNPATH_SEARCH_PATHS = (
					"$(inherited)",
					"@executable_path/Frameworks",
				);
				MARKETING_VERSION = 1.0;
				PRODUCT_BUNDLE_IDENTIFIER = tech.idoit.HejtoBuzz;
				PRODUCT_NAME = "$(TARGET_NAME)";
				SWIFT_EMIT_LOC_STRINGS = YES;
				SWIFT_VERSION = 5.0;
				TARGETED_DEVICE_FAMILY = "1,2";
			};
			name = Release;
		};
		649A6FE529AEADFE002C1BFC /* Debug */ = {
			isa = XCBuildConfiguration;
			buildSettings = {
				ALWAYS_EMBED_SWIFT_STANDARD_LIBRARIES = YES;
				BUNDLE_LOADER = "$(TEST_HOST)";
				CODE_SIGN_STYLE = Automatic;
				CURRENT_PROJECT_VERSION = 1;
				GENERATE_INFOPLIST_FILE = YES;
				IPHONEOS_DEPLOYMENT_TARGET = 16.4;
				MARKETING_VERSION = 1.0;
				PRODUCT_BUNDLE_IDENTIFIER = tech.idoit.HejtoBuzzTests;
				PRODUCT_NAME = "$(TARGET_NAME)";
				SWIFT_EMIT_LOC_STRINGS = NO;
				SWIFT_VERSION = 5.0;
				TARGETED_DEVICE_FAMILY = "1,2";
				TEST_HOST = "$(BUILT_PRODUCTS_DIR)/HejtoBuzz.app/$(BUNDLE_EXECUTABLE_FOLDER_PATH)/HejtoBuzz";
			};
			name = Debug;
		};
		649A6FE629AEADFE002C1BFC /* Release */ = {
			isa = XCBuildConfiguration;
			buildSettings = {
				ALWAYS_EMBED_SWIFT_STANDARD_LIBRARIES = YES;
				BUNDLE_LOADER = "$(TEST_HOST)";
				CODE_SIGN_STYLE = Automatic;
				CURRENT_PROJECT_VERSION = 1;
				GENERATE_INFOPLIST_FILE = YES;
				IPHONEOS_DEPLOYMENT_TARGET = 16.4;
				MARKETING_VERSION = 1.0;
				PRODUCT_BUNDLE_IDENTIFIER = tech.idoit.HejtoBuzzTests;
				PRODUCT_NAME = "$(TARGET_NAME)";
				SWIFT_EMIT_LOC_STRINGS = NO;
				SWIFT_VERSION = 5.0;
				TARGETED_DEVICE_FAMILY = "1,2";
				TEST_HOST = "$(BUILT_PRODUCTS_DIR)/HejtoBuzz.app/$(BUNDLE_EXECUTABLE_FOLDER_PATH)/HejtoBuzz";
			};
			name = Release;
		};
		649A6FE829AEADFE002C1BFC /* Debug */ = {
			isa = XCBuildConfiguration;
			buildSettings = {
				ALWAYS_EMBED_SWIFT_STANDARD_LIBRARIES = YES;
				CODE_SIGN_STYLE = Automatic;
				CURRENT_PROJECT_VERSION = 1;
				GENERATE_INFOPLIST_FILE = YES;
				MARKETING_VERSION = 1.0;
				PRODUCT_BUNDLE_IDENTIFIER = tech.idoit.HejtoBuzzUITests;
				PRODUCT_NAME = "$(TARGET_NAME)";
				SWIFT_EMIT_LOC_STRINGS = NO;
				SWIFT_VERSION = 5.0;
				TARGETED_DEVICE_FAMILY = "1,2";
				TEST_TARGET_NAME = HejtoBuzz;
			};
			name = Debug;
		};
		649A6FE929AEADFE002C1BFC /* Release */ = {
			isa = XCBuildConfiguration;
			buildSettings = {
				ALWAYS_EMBED_SWIFT_STANDARD_LIBRARIES = YES;
				CODE_SIGN_STYLE = Automatic;
				CURRENT_PROJECT_VERSION = 1;
				GENERATE_INFOPLIST_FILE = YES;
				MARKETING_VERSION = 1.0;
				PRODUCT_BUNDLE_IDENTIFIER = tech.idoit.HejtoBuzzUITests;
				PRODUCT_NAME = "$(TARGET_NAME)";
				SWIFT_EMIT_LOC_STRINGS = NO;
				SWIFT_VERSION = 5.0;
				TARGETED_DEVICE_FAMILY = "1,2";
				TEST_TARGET_NAME = HejtoBuzz;
			};
			name = Release;
		};
/* End XCBuildConfiguration section */

/* Begin XCConfigurationList section */
		649A6FB829AEADFD002C1BFC /* Build configuration list for PBXProject "HejtoBuzz" */ = {
			isa = XCConfigurationList;
			buildConfigurations = (
				649A6FDF29AEADFE002C1BFC /* Debug */,
				649A6FE029AEADFE002C1BFC /* Release */,
			);
			defaultConfigurationIsVisible = 0;
			defaultConfigurationName = Release;
		};
		649A6FE129AEADFE002C1BFC /* Build configuration list for PBXNativeTarget "HejtoBuzz" */ = {
			isa = XCConfigurationList;
			buildConfigurations = (
				649A6FE229AEADFE002C1BFC /* Debug */,
				649A6FE329AEADFE002C1BFC /* Release */,
			);
			defaultConfigurationIsVisible = 0;
			defaultConfigurationName = Release;
		};
		649A6FE429AEADFE002C1BFC /* Build configuration list for PBXNativeTarget "HejtoBuzzTests" */ = {
			isa = XCConfigurationList;
			buildConfigurations = (
				649A6FE529AEADFE002C1BFC /* Debug */,
				649A6FE629AEADFE002C1BFC /* Release */,
			);
			defaultConfigurationIsVisible = 0;
			defaultConfigurationName = Release;
		};
		649A6FE729AEADFE002C1BFC /* Build configuration list for PBXNativeTarget "HejtoBuzzUITests" */ = {
			isa = XCConfigurationList;
			buildConfigurations = (
				649A6FE829AEADFE002C1BFC /* Debug */,
				649A6FE929AEADFE002C1BFC /* Release */,
			);
			defaultConfigurationIsVisible = 0;
			defaultConfigurationName = Release;
		};
/* End XCConfigurationList section */

/* Begin XCRemoteSwiftPackageReference section */
		647AFFD129BB832200B754E1 /* XCRemoteSwiftPackageReference "OptionalAPI" */ = {
			isa = XCRemoteSwiftPackageReference;
			repositoryURL = "https://github.com/sloik/OptionalAPI";
			requirement = {
				kind = upToNextMajorVersion;
				minimumVersion = 5.0.0;
			};
		};
/* End XCRemoteSwiftPackageReference section */

/* Begin XCSwiftPackageProductDependency section */
		640ECDC429B3F94E00D7F131 /* Domain */ = {
			isa = XCSwiftPackageProductDependency;
			productName = Domain;
		};
		642EB76B29BA8ED10024F16E /* SecretsStore */ = {
			isa = XCSwiftPackageProductDependency;
			productName = SecretsStore;
		};
		647AFFD229BB832200B754E1 /* OptionalAPI */ = {
			isa = XCSwiftPackageProductDependency;
			package = 647AFFD129BB832200B754E1 /* XCRemoteSwiftPackageReference "OptionalAPI" */;
			productName = OptionalAPI;
		};
/* End XCSwiftPackageProductDependency section */
	};
	rootObject = 649A6FB529AEADFD002C1BFC /* Project object */;
}
